
Microsoft Visual Studio Solution File, Format Version 12.00
Project("{FAE04EC0-301F-11D3-BF4B-00C04F79EFBC}") = "PigChain", "PigChain\PigChain.csproj", "{C634E16D-4ACD-4C37-A451-10E79F726A25}"
EndProject
Project("{FAE04EC0-301F-11D3-BF4B-00C04F79EFBC}") = "UnitTests", "UnitTests\UnitTests.csproj", "{A43FFBEB-E58C-412D-9512-35954971DB72}"
EndProject
Global
	GlobalSection(SolutionConfigurationPlatforms) = preSolution
		Debug|Any CPU = Debug|Any CPU
		Release|Any CPU = Release|Any CPU
	EndGlobalSection
	GlobalSection(ProjectConfigurationPlatforms) = postSolution
		{C634E16D-4ACD-4C37-A451-10E79F726A25}.Debug|Any CPU.ActiveCfg = Debug|Any CPU
		{C634E16D-4ACD-4C37-A451-10E79F726A25}.Debug|Any CPU.Build.0 = Debug|Any CPU
		{C634E16D-4ACD-4C37-A451-10E79F726A25}.Release|Any CPU.ActiveCfg = Release|Any CPU
		{C634E16D-4ACD-4C37-A451-10E79F726A25}.Release|Any CPU.Build.0 = Release|Any CPU
		{A43FFBEB-E58C-412D-9512-35954971DB72}.Debug|Any CPU.ActiveCfg = Debug|Any CPU
		{A43FFBEB-E58C-412D-9512-35954971DB72}.Debug|Any CPU.Build.0 = Debug|Any CPU
		{A43FFBEB-E58C-412D-9512-35954971DB72}.Release|Any CPU.ActiveCfg = Release|Any CPU
		{A43FFBEB-E58C-412D-9512-35954971DB72}.Release|Any CPU.Build.0 = Release|Any CPU
	EndGlobalSection
EndGlobal
